
Microsoft Visual Studio Solution File, Format Version 12.00
# Visual Studio Version 17
VisualStudioVersion = 17.13.35919.96 d17.13
MinimumVisualStudioVersion = 10.0.40219.1
Project("{FAE04EC0-301F-11D3-BF4B-00C04F79EFBC}") = "Game", "Game.csproj", "{FF24D279-4308-4C30-81F0-28B1DE80B8C3}"
EndProject
Global
	GlobalSection(SolutionConfigurationPlatforms) = preSolution
		Debug|Any CPU = Debug|Any CPU
		Release|Any CPU = Release|Any CPU
	EndGlobalSection
	GlobalSection(ProjectConfigurationPlatforms) = postSolution
		{FF24D279-4308-4C30-81F0-28B1DE80B8C3}.Debug|Any CPU.ActiveCfg = Debug|Any CPU
		{FF24D279-4308-4C30-81F0-28B1DE80B8C3}.Debug|Any CPU.Build.0 = Debug|Any CPU
		{FF24D279-4308-4C30-81F0-28B1DE80B8C3}.Release|Any CPU.ActiveCfg = Release|Any CPU
		{FF24D279-4308-4C30-81F0-28B1DE80B8C3}.Release|Any CPU.Build.0 = Release|Any CPU
	EndGlobalSection
	GlobalSection(SolutionProperties) = preSolution
		HideSolutionNode = FALSE
	EndGlobalSection
	GlobalSection(ExtensibilityGlobals) = postSolution
		SolutionGuid = {2957DABE-97E8-4CDF-91B2-D5A158D3DF73}
	EndGlobalSection
EndGlobal
